
Microsoft Visual Studio Solution File, Format Version 12.00
# Visual Studio Version 17
VisualStudioVersion = 17.4.33213.308
MinimumVisualStudioVersion = 10.0.40219.1
Project("{FAE04EC0-301F-11D3-BF4B-00C04F79EFBC}") = "LineComparisionProblem", "LineComparisionProblem\LineComparisionProblem.csproj", "{8821EE2E-E7BE-408D-8394-161582DA24C4}"
EndProject
Global
	GlobalSection(SolutionConfigurationPlatforms) = preSolution
		Debug|Any CPU = Debug|Any CPU
		Release|Any CPU = Release|Any CPU
	EndGlobalSection
	GlobalSection(ProjectConfigurationPlatforms) = postSolution
		{8821EE2E-E7BE-408D-8394-161582DA24C4}.Debug|Any CPU.ActiveCfg = Debug|Any CPU
		{8821EE2E-E7BE-408D-8394-161582DA24C4}.Debug|Any CPU.Build.0 = Debug|Any CPU
		{8821EE2E-E7BE-408D-8394-161582DA24C4}.Release|Any CPU.ActiveCfg = Release|Any CPU
		{8821EE2E-E7BE-408D-8394-161582DA24C4}.Release|Any CPU.Build.0 = Release|Any CPU
	EndGlobalSection
	GlobalSection(SolutionProperties) = preSolution
		HideSolutionNode = FALSE
	EndGlobalSection
	GlobalSection(ExtensibilityGlobals) = postSolution
		SolutionGuid = {469D3545-EBAD-4A91-952B-FF1866366B01}
	EndGlobalSection
EndGlobal
